
Microsoft Visual Studio Solution File, Format Version 11.00
# Visual Studio 2010
Project("{8BC9CEB8-8B4A-11D0-8D11-00A0C91BC942}") = "XF2k", "XF2k\XF2k.vcxproj", "{E46EC046-A849-492E-9224-BFA254F3ED91}"
EndProject
Project("{8BC9CEB8-8B4A-11D0-8D11-00A0C91BC942}") = "XF2kProvider", "XF2kProvider\XF2kProvider.vcxproj", "{8205B815-A001-453B-AD2B-99B4C9E26423}"
EndProject
Project("{2150E333-8FDC-42A3-9474-1A3956D46DE8}") = "Solution Items", "Solution Items", "{EA2A0F65-863D-4AD5-A7D6-4B3A623E463F}"
	ProjectSection(SolutionItems) = preProject
		README.md = README.md
	EndProjectSection
EndProject
Global
	GlobalSection(SolutionConfigurationPlatforms) = preSolution
		Debug|Win32 = Debug|Win32
		Debug|x64 = Debug|x64
		Release|Win32 = Release|Win32
		Release|x64 = Release|x64
	EndGlobalSection
	GlobalSection(ProjectConfigurationPlatforms) = postSolution
		{E46EC046-A849-492E-9224-BFA254F3ED91}.Debug|Win32.ActiveCfg = Debug|Win32
		{E46EC046-A849-492E-9224-BFA254F3ED91}.Debug|Win32.Build.0 = Debug|Win32
		{E46EC046-A849-492E-9224-BFA254F3ED91}.Debug|x64.ActiveCfg = Debug|x64
		{E46EC046-A849-492E-9224-BFA254F3ED91}.Debug|x64.Build.0 = Debug|x64
		{E46EC046-A849-492E-9224-BFA254F3ED91}.Release|Win32.ActiveCfg = Release|Win32
		{E46EC046-A849-492E-9224-BFA254F3ED91}.Release|Win32.Build.0 = Release|Win32
		{E46EC046-A849-492E-9224-BFA254F3ED91}.Release|x64.ActiveCfg = Release|x64
		{E46EC046-A849-492E-9224-BFA254F3ED91}.Release|x64.Build.0 = Release|x64
		{8205B815-A001-453B-AD2B-99B4C9E26423}.Debug|Win32.ActiveCfg = Debug|Win32
		{8205B815-A001-453B-AD2B-99B4C9E26423}.Debug|Win32.Build.0 = Debug|Win32
		{8205B815-A001-453B-AD2B-99B4C9E26423}.Debug|x64.ActiveCfg = Debug|Win32
		{8205B815-A001-453B-AD2B-99B4C9E26423}.Release|Win32.ActiveCfg = Release|Win32
		{8205B815-A001-453B-AD2B-99B4C9E26423}.Release|Win32.Build.0 = Release|Win32
		{8205B815-A001-453B-AD2B-99B4C9E26423}.Release|x64.ActiveCfg = Release|Win32
	EndGlobalSection
	GlobalSection(SolutionProperties) = preSolution
		HideSolutionNode = FALSE
	EndGlobalSection
EndGlobal
